// !$*UTF8*$!
{
	archiveVersion = 1;
	classes = {
	};
	objectVersion = 48;
	objects = {

/* Begin PBXBuildFile section */
		ED2D72D7204C1CE000BB5574 /* CircularVisualizerView.swift in Sources */ = {isa = PBXBuildFile; fileRef = ED2D72D6204C1CE000BB5574 /* CircularVisualizerView.swift */; };
		ED2D72D9204C224B00BB5574 /* HomeVC.swift in Sources */ = {isa = PBXBuildFile; fileRef = ED2D72D8204C224B00BB5574 /* HomeVC.swift */; };
		ED2D72F2204C22FF00BB5574 /* STKDataSourceWrapper.m in Sources */ = {isa = PBXBuildFile; fileRef = ED2D72DF204C22FD00BB5574 /* STKDataSourceWrapper.m */; };
		ED2D72F3204C22FF00BB5574 /* STKLocalFileDataSource.m in Sources */ = {isa = PBXBuildFile; fileRef = ED2D72E0204C22FD00BB5574 /* STKLocalFileDataSource.m */; };
		ED2D72F4204C22FF00BB5574 /* STKDataSource.m in Sources */ = {isa = PBXBuildFile; fileRef = ED2D72E1204C22FD00BB5574 /* STKDataSource.m */; };
		ED2D72F5204C22FF00BB5574 /* NSMutableArray+STKAudioPlayer.m in Sources */ = {isa = PBXBuildFile; fileRef = ED2D72E2204C22FD00BB5574 /* NSMutableArray+STKAudioPlayer.m */; };
		ED2D72F6204C22FF00BB5574 /* STKAudioPlayer.m in Sources */ = {isa = PBXBuildFile; fileRef = ED2D72E3204C22FD00BB5574 /* STKAudioPlayer.m */; };
		ED2D72F7204C22FF00BB5574 /* SampleQueueId.m in Sources */ = {isa = PBXBuildFile; fileRef = ED2D72E4204C22FD00BB5574 /* SampleQueueId.m */; };
		ED2D72F8204C22FF00BB5574 /* STKCoreFoundationDataSource.m in Sources */ = {isa = PBXBuildFile; fileRef = ED2D72E7204C22FE00BB5574 /* STKCoreFoundationDataSource.m */; };
		ED2D72F9204C22FF00BB5574 /* STKAutoRecoveringHTTPDataSource.m in Sources */ = {isa = PBXBuildFile; fileRef = ED2D72E8204C22FE00BB5574 /* STKAutoRecoveringHTTPDataSource.m */; };
		ED2D72FA204C22FF00BB5574 /* STKHTTPDataSource.m in Sources */ = {isa = PBXBuildFile; fileRef = ED2D72E9204C22FE00BB5574 /* STKHTTPDataSource.m */; };
		ED2D72FB204C22FF00BB5574 /* STKQueueEntry.m in Sources */ = {isa = PBXBuildFile; fileRef = ED2D72ED204C22FE00BB5574 /* STKQueueEntry.m */; };
		ED517D61204B07D600172482 /* AppDelegate.swift in Sources */ = {isa = PBXBuildFile; fileRef = ED517D60204B07D600172482 /* AppDelegate.swift */; };
		ED517D66204B07D600172482 /* Main.storyboard in Resources */ = {isa = PBXBuildFile; fileRef = ED517D64204B07D600172482 /* Main.storyboard */; };
		ED517D68204B07D600172482 /* Assets.xcassets in Resources */ = {isa = PBXBuildFile; fileRef = ED517D67204B07D600172482 /* Assets.xcassets */; };
		ED517D6B204B07D600172482 /* LaunchScreen.storyboard in Resources */ = {isa = PBXBuildFile; fileRef = ED517D69204B07D600172482 /* LaunchScreen.storyboard */; };
/* End PBXBuildFile section */

/* Begin PBXFileReference section */
		ED2D72D6204C1CE000BB5574 /* CircularVisualizerView.swift */ = {isa = PBXFileReference; lastKnownFileType = sourcecode.swift; path = CircularVisualizerView.swift; sourceTree = "<group>"; };
		ED2D72D8204C224B00BB5574 /* HomeVC.swift */ = {isa = PBXFileReference; lastKnownFileType = sourcecode.swift; path = HomeVC.swift; sourceTree = "<group>"; };
		ED2D72DC204C22FC00BB5574 /* Circular Visualizer-Bridging-Header.h */ = {isa = PBXFileReference; lastKnownFileType = sourcecode.c.h; path = "Circular Visualizer-Bridging-Header.h"; sourceTree = "<group>"; };
		ED2D72DD204C22FD00BB5574 /* STKHTTPDataSource.h */ = {isa = PBXFileReference; fileEncoding = 4; lastKnownFileType = sourcecode.c.h; path = STKHTTPDataSource.h; sourceTree = "<group>"; };
		ED2D72DE204C22FD00BB5574 /* StreamingKit-Prefix.pch */ = {isa = PBXFileReference; fileEncoding = 4; lastKnownFileType = sourcecode.c.h; path = "StreamingKit-Prefix.pch"; sourceTree = "<group>"; };
		ED2D72DF204C22FD00BB5574 /* STKDataSourceWrapper.m */ = {isa = PBXFileReference; fileEncoding = 4; lastKnownFileType = sourcecode.c.objc; path = STKDataSourceWrapper.m; sourceTree = "<group>"; };
		ED2D72E0204C22FD00BB5574 /* STKLocalFileDataSource.m */ = {isa = PBXFileReference; fileEncoding = 4; lastKnownFileType = sourcecode.c.objc; path = STKLocalFileDataSource.m; sourceTree = "<group>"; };
		ED2D72E1204C22FD00BB5574 /* STKDataSource.m */ = {isa = PBXFileReference; fileEncoding = 4; lastKnownFileType = sourcecode.c.objc; path = STKDataSource.m; sourceTree = "<group>"; };
		ED2D72E2204C22FD00BB5574 /* NSMutableArray+STKAudioPlayer.m */ = {isa = PBXFileReference; fileEncoding = 4; lastKnownFileType = sourcecode.c.objc; path = "NSMutableArray+STKAudioPlayer.m"; sourceTree = "<group>"; };
		ED2D72E3204C22FD00BB5574 /* STKAudioPlayer.m */ = {isa = PBXFileReference; fileEncoding = 4; lastKnownFileType = sourcecode.c.objc; path = STKAudioPlayer.m; sourceTree = "<group>"; };
		ED2D72E4204C22FD00BB5574 /* SampleQueueId.m */ = {isa = PBXFileReference; fileEncoding = 4; lastKnownFileType = sourcecode.c.objc; path = SampleQueueId.m; sourceTree = "<group>"; };
		ED2D72E5204C22FE00BB5574 /* NSMutableArray+STKAudioPlayer.h */ = {isa = PBXFileReference; fileEncoding = 4; lastKnownFileType = sourcecode.c.h; path = "NSMutableArray+STKAudioPlayer.h"; sourceTree = "<group>"; };
		ED2D72E6204C22FE00BB5574 /* STKLocalFileDataSource.h */ = {isa = PBXFileReference; fileEncoding = 4; lastKnownFileType = sourcecode.c.h; path = STKLocalFileDataSource.h; sourceTree = "<group>"; };
		ED2D72E7204C22FE00BB5574 /* STKCoreFoundationDataSource.m */ = {isa = PBXFileReference; fileEncoding = 4; lastKnownFileType = sourcecode.c.objc; path = STKCoreFoundationDataSource.m; sourceTree = "<group>"; };
		ED2D72E8204C22FE00BB5574 /* STKAutoRecoveringHTTPDataSource.m */ = {isa = PBXFileReference; fileEncoding = 4; lastKnownFileType = sourcecode.c.objc; path = STKAutoRecoveringHTTPDataSource.m; sourceTree = "<group>"; };
		ED2D72E9204C22FE00BB5574 /* STKHTTPDataSource.m */ = {isa = PBXFileReference; fileEncoding = 4; lastKnownFileType = sourcecode.c.objc; path = STKHTTPDataSource.m; sourceTree = "<group>"; };
		ED2D72EA204C22FE00BB5574 /* STKQueueEntry.h */ = {isa = PBXFileReference; fileEncoding = 4; lastKnownFileType = sourcecode.c.h; path = STKQueueEntry.h; sourceTree = "<group>"; };
		ED2D72EB204C22FE00BB5574 /* STKCoreFoundationDataSource.h */ = {isa = PBXFileReference; fileEncoding = 4; lastKnownFileType = sourcecode.c.h; path = STKCoreFoundationDataSource.h; sourceTree = "<group>"; };
		ED2D72EC204C22FE00BB5574 /* STKDataSourceWrapper.h */ = {isa = PBXFileReference; fileEncoding = 4; lastKnownFileType = sourcecode.c.h; path = STKDataSourceWrapper.h; sourceTree = "<group>"; };
		ED2D72ED204C22FE00BB5574 /* STKQueueEntry.m */ = {isa = PBXFileReference; fileEncoding = 4; lastKnownFileType = sourcecode.c.objc; path = STKQueueEntry.m; sourceTree = "<group>"; };
		ED2D72EE204C22FE00BB5574 /* STKAutoRecoveringHTTPDataSource.h */ = {isa = PBXFileReference; fileEncoding = 4; lastKnownFileType = sourcecode.c.h; path = STKAutoRecoveringHTTPDataSource.h; sourceTree = "<group>"; };
		ED2D72EF204C22FE00BB5574 /* STKDataSource.h */ = {isa = PBXFileReference; fileEncoding = 4; lastKnownFileType = sourcecode.c.h; path = STKDataSource.h; sourceTree = "<group>"; };
		ED2D72F0204C22FF00BB5574 /* STKAudioPlayer.h */ = {isa = PBXFileReference; fileEncoding = 4; lastKnownFileType = sourcecode.c.h; path = STKAudioPlayer.h; sourceTree = "<group>"; };
		ED2D72F1204C22FF00BB5574 /* SampleQueueId.h */ = {isa = PBXFileReference; fileEncoding = 4; lastKnownFileType = sourcecode.c.h; path = SampleQueueId.h; sourceTree = "<group>"; };
		ED517D5D204B07D600172482 /* Circular Visualizer.app */ = {isa = PBXFileReference; explicitFileType = wrapper.application; includeInIndex = 0; path = "Circular Visualizer.app"; sourceTree = BUILT_PRODUCTS_DIR; };
		ED517D60204B07D600172482 /* AppDelegate.swift */ = {isa = PBXFileReference; lastKnownFileType = sourcecode.swift; path = AppDelegate.swift; sourceTree = "<group>"; };
		ED517D65204B07D600172482 /* Base */ = {isa = PBXFileReference; lastKnownFileType = file.storyboard; name = Base; path = Base.lproj/Main.storyboard; sourceTree = "<group>"; };
		ED517D67204B07D600172482 /* Assets.xcassets */ = {isa = PBXFileReference; lastKnownFileType = folder.assetcatalog; path = Assets.xcassets; sourceTree = "<group>"; };
		ED517D6A204B07D600172482 /* Base */ = {isa = PBXFileReference; lastKnownFileType = file.storyboard; name = Base; path = Base.lproj/LaunchScreen.storyboard; sourceTree = "<group>"; };
		ED517D6C204B07D600172482 /* Info.plist */ = {isa = PBXFileReference; lastKnownFileType = text.plist.xml; path = Info.plist; sourceTree = "<group>"; };
/* End PBXFileReference section */

/* Begin PBXFrameworksBuildPhase section */
		ED517D5A204B07D600172482 /* Frameworks */ = {
			isa = PBXFrameworksBuildPhase;
			buildActionMask = 2147483647;
			files = (
			);
			runOnlyForDeploymentPostprocessing = 0;
		};
/* End PBXFrameworksBuildPhase section */

/* Begin PBXGroup section */
		ED2D72D5204C1C9800BB5574 /* Custom Views */ = {
			isa = PBXGroup;
			children = (
				ED2D72D6204C1CE000BB5574 /* CircularVisualizerView.swift */,
			);
			path = "Custom Views";
			sourceTree = "<group>";
		};
		ED2D72DB204C22E200BB5574 /* StreamingKit */ = {
			isa = PBXGroup;
			children = (
				ED2D72E5204C22FE00BB5574 /* NSMutableArray+STKAudioPlayer.h */,
				ED2D72E2204C22FD00BB5574 /* NSMutableArray+STKAudioPlayer.m */,
				ED2D72F1204C22FF00BB5574 /* SampleQueueId.h */,
				ED2D72E4204C22FD00BB5574 /* SampleQueueId.m */,
				ED2D72F0204C22FF00BB5574 /* STKAudioPlayer.h */,
				ED2D72E3204C22FD00BB5574 /* STKAudioPlayer.m */,
				ED2D72EE204C22FE00BB5574 /* STKAutoRecoveringHTTPDataSource.h */,
				ED2D72E8204C22FE00BB5574 /* STKAutoRecoveringHTTPDataSource.m */,
				ED2D72EB204C22FE00BB5574 /* STKCoreFoundationDataSource.h */,
				ED2D72E7204C22FE00BB5574 /* STKCoreFoundationDataSource.m */,
				ED2D72EF204C22FE00BB5574 /* STKDataSource.h */,
				ED2D72E1204C22FD00BB5574 /* STKDataSource.m */,
				ED2D72EC204C22FE00BB5574 /* STKDataSourceWrapper.h */,
				ED2D72DF204C22FD00BB5574 /* STKDataSourceWrapper.m */,
				ED2D72DD204C22FD00BB5574 /* STKHTTPDataSource.h */,
				ED2D72E9204C22FE00BB5574 /* STKHTTPDataSource.m */,
				ED2D72E6204C22FE00BB5574 /* STKLocalFileDataSource.h */,
				ED2D72E0204C22FD00BB5574 /* STKLocalFileDataSource.m */,
				ED2D72EA204C22FE00BB5574 /* STKQueueEntry.h */,
				ED2D72ED204C22FE00BB5574 /* STKQueueEntry.m */,
				ED2D72DE204C22FD00BB5574 /* StreamingKit-Prefix.pch */,
			);
			path = StreamingKit;
			sourceTree = "<group>";
		};
		ED517D54204B07D600172482 = {
			isa = PBXGroup;
			children = (
				ED517D5F204B07D600172482 /* Circular Visualizer */,
				ED517D5E204B07D600172482 /* Products */,
			);
			sourceTree = "<group>";
		};
		ED517D5E204B07D600172482 /* Products */ = {
			isa = PBXGroup;
			children = (
				ED517D5D204B07D600172482 /* Circular Visualizer.app */,
			);
			name = Products;
			sourceTree = "<group>";
		};
		ED517D5F204B07D600172482 /* Circular Visualizer */ = {
			isa = PBXGroup;
			children = (
				ED517D75204B080F00172482 /* Model */,
				ED517D74204B080C00172482 /* View */,
				ED517D73204B080900172482 /* Controller */,
				ED517D72204B080600172482 /* Resources */,
			);
			path = "Circular Visualizer";
			sourceTree = "<group>";
		};
		ED517D72204B080600172482 /* Resources */ = {
			isa = PBXGroup;
			children = (
				ED2D72DC204C22FC00BB5574 /* Circular Visualizer-Bridging-Header.h */,
				ED2D72DB204C22E200BB5574 /* StreamingKit */,
				ED517D60204B07D600172482 /* AppDelegate.swift */,
				ED517D67204B07D600172482 /* Assets.xcassets */,
				ED517D6C204B07D600172482 /* Info.plist */,
			);
			path = Resources;
			sourceTree = "<group>";
		};
		ED517D73204B080900172482 /* Controller */ = {
			isa = PBXGroup;
			children = (
				ED2D72D8204C224B00BB5574 /* HomeVC.swift */,
			);
			path = Controller;
			sourceTree = "<group>";
		};
		ED517D74204B080C00172482 /* View */ = {
			isa = PBXGroup;
			children = (
				ED2D72D5204C1C9800BB5574 /* Custom Views */,
				ED517D76204B083900172482 /* Storyboard */,
			);
			path = View;
			sourceTree = "<group>";
		};
		ED517D75204B080F00172482 /* Model */ = {
			isa = PBXGroup;
			children = (
			);
			path = Model;
			sourceTree = "<group>";
		};
		ED517D76204B083900172482 /* Storyboard */ = {
			isa = PBXGroup;
			children = (
				ED517D64204B07D600172482 /* Main.storyboard */,
				ED517D69204B07D600172482 /* LaunchScreen.storyboard */,
			);
			path = Storyboard;
			sourceTree = "<group>";
		};
/* End PBXGroup section */

/* Begin PBXNativeTarget section */
		ED517D5C204B07D600172482 /* Circular Visualizer */ = {
			isa = PBXNativeTarget;
			buildConfigurationList = ED517D6F204B07D600172482 /* Build configuration list for PBXNativeTarget "Circular Visualizer" */;
			buildPhases = (
				ED517D59204B07D600172482 /* Sources */,
				ED517D5A204B07D600172482 /* Frameworks */,
				ED517D5B204B07D600172482 /* Resources */,
			);
			buildRules = (
			);
			dependencies = (
			);
			name = "Circular Visualizer";
			productName = "Circular Visualizer";
			productReference = ED517D5D204B07D600172482 /* Circular Visualizer.app */;
			productType = "com.apple.product-type.application";
		};
/* End PBXNativeTarget section */

/* Begin PBXProject section */
		ED517D55204B07D600172482 /* Project object */ = {
			isa = PBXProject;
			attributes = {
				LastSwiftUpdateCheck = 0920;
				LastUpgradeCheck = 0920;
				ORGANIZATIONNAME = zaconic;
				TargetAttributes = {
					ED517D5C204B07D600172482 = {
						CreatedOnToolsVersion = 9.2;
						LastSwiftMigration = 0920;
						ProvisioningStyle = Automatic;
						SystemCapabilities = {
							com.apple.BackgroundModes = {
								enabled = 1;
							};
						};
					};
				};
			};
			buildConfigurationList = ED517D58204B07D600172482 /* Build configuration list for PBXProject "Circular Visualizer" */;
			compatibilityVersion = "Xcode 8.0";
			developmentRegion = en;
			hasScannedForEncodings = 0;
			knownRegions = (
				en,
				Base,
			);
			mainGroup = ED517D54204B07D600172482;
			productRefGroup = ED517D5E204B07D600172482 /* Products */;
			projectDirPath = "";
			projectRoot = "";
			targets = (
				ED517D5C204B07D600172482 /* Circular Visualizer */,
			);
		};
/* End PBXProject section */

/* Begin PBXResourcesBuildPhase section */
		ED517D5B204B07D600172482 /* Resources */ = {
			isa = PBXResourcesBuildPhase;
			buildActionMask = 2147483647;
			files = (
				ED517D6B204B07D600172482 /* LaunchScreen.storyboard in Resources */,
				ED517D68204B07D600172482 /* Assets.xcassets in Resources */,
				ED517D66204B07D600172482 /* Main.storyboard in Resources */,
			);
			runOnlyForDeploymentPostprocessing = 0;
		};
/* End PBXResourcesBuildPhase section */

/* Begin PBXSourcesBuildPhase section */
		ED517D59204B07D600172482 /* Sources */ = {
			isa = PBXSourcesBuildPhase;
			buildActionMask = 2147483647;
			files = (
				ED2D72D9204C224B00BB5574 /* HomeVC.swift in Sources */,
				ED2D72F4204C22FF00BB5574 /* STKDataSource.m in Sources */,
				ED517D61204B07D600172482 /* AppDelegate.swift in Sources */,
				ED2D72FA204C22FF00BB5574 /* STKHTTPDataSource.m in Sources */,
				ED2D72D7204C1CE000BB5574 /* CircularVisualizerView.swift in Sources */,
				ED2D72F6204C22FF00BB5574 /* STKAudioPlayer.m in Sources */,
				ED2D72F5204C22FF00BB5574 /* NSMutableArray+STKAudioPlayer.m in Sources */,
				ED2D72F9204C22FF00BB5574 /* STKAutoRecoveringHTTPDataSource.m in Sources */,
				ED2D72F2204C22FF00BB5574 /* STKDataSourceWrapper.m in Sources */,
				ED2D72FB204C22FF00BB5574 /* STKQueueEntry.m in Sources */,
				ED2D72F8204C22FF00BB5574 /* STKCoreFoundationDataSource.m in Sources */,
				ED2D72F7204C22FF00BB5574 /* SampleQueueId.m in Sources */,
				ED2D72F3204C22FF00BB5574 /* STKLocalFileDataSource.m in Sources */,
			);
			runOnlyForDeploymentPostprocessing = 0;
		};
/* End PBXSourcesBuildPhase section */

/* Begin PBXVariantGroup section */
		ED517D64204B07D600172482 /* Main.storyboard */ = {
			isa = PBXVariantGroup;
			children = (
				ED517D65204B07D600172482 /* Base */,
			);
			name = Main.storyboard;
			sourceTree = "<group>";
		};
		ED517D69204B07D600172482 /* LaunchScreen.storyboard */ = {
			isa = PBXVariantGroup;
			children = (
				ED517D6A204B07D600172482 /* Base */,
			);
			name = LaunchScreen.storyboard;
			sourceTree = "<group>";
		};
/* End PBXVariantGroup section */

/* Begin XCBuildConfiguration section */
		ED517D6D204B07D600172482 /* Debug */ = {
			isa = XCBuildConfiguration;
			buildSettings = {
				ALWAYS_SEARCH_USER_PATHS = NO;
				CLANG_ANALYZER_NONNULL = YES;
				CLANG_ANALYZER_NUMBER_OBJECT_CONVERSION = YES_AGGRESSIVE;
				CLANG_CXX_LANGUAGE_STANDARD = "gnu++14";
				CLANG_CXX_LIBRARY = "libc++";
				CLANG_ENABLE_MODULES = YES;
				CLANG_ENABLE_OBJC_ARC = YES;
				CLANG_WARN_BLOCK_CAPTURE_AUTORELEASING = YES;
				CLANG_WARN_BOOL_CONVERSION = YES;
				CLANG_WARN_COMMA = YES;
				CLANG_WARN_CONSTANT_CONVERSION = YES;
				CLANG_WARN_DIRECT_OBJC_ISA_USAGE = YES_ERROR;
				CLANG_WARN_DOCUMENTATION_COMMENTS = YES;
				CLANG_WARN_EMPTY_BODY = YES;
				CLANG_WARN_ENUM_CONVERSION = YES;
				CLANG_WARN_INFINITE_RECURSION = YES;
				CLANG_WARN_INT_CONVERSION = YES;
				CLANG_WARN_NON_LITERAL_NULL_CONVERSION = YES;
				CLANG_WARN_OBJC_LITERAL_CONVERSION = YES;
				CLANG_WARN_OBJC_ROOT_CLASS = YES_ERROR;
				CLANG_WARN_RANGE_LOOP_ANALYSIS = YES;
				CLANG_WARN_STRICT_PROTOTYPES = YES;
				CLANG_WARN_SUSPICIOUS_MOVE = YES;
				CLANG_WARN_UNGUARDED_AVAILABILITY = YES_AGGRESSIVE;
				CLANG_WARN_UNREACHABLE_CODE = YES;
				CLANG_WARN__DUPLICATE_METHOD_MATCH = YES;
				CODE_SIGN_IDENTITY = "iPhone Developer";
				COPY_PHASE_STRIP = NO;
				DEBUG_INFORMATION_FORMAT = dwarf;
				ENABLE_STRICT_OBJC_MSGSEND = YES;
				ENABLE_TESTABILITY = YES;
				GCC_C_LANGUAGE_STANDARD = gnu11;
				GCC_DYNAMIC_NO_PIC = NO;
				GCC_NO_COMMON_BLOCKS = YES;
				GCC_OPTIMIZATION_LEVEL = 0;
				GCC_PREPROCESSOR_DEFINITIONS = (
					"DEBUG=1",
					"$(inherited)",
				);
				GCC_WARN_64_TO_32_BIT_CONVERSION = YES;
				GCC_WARN_ABOUT_RETURN_TYPE = YES_ERROR;
				GCC_WARN_UNDECLARED_SELECTOR = YES;
				GCC_WARN_UNINITIALIZED_AUTOS = YES_AGGRESSIVE;
				GCC_WARN_UNUSED_FUNCTION = YES;
				GCC_WARN_UNUSED_VARIABLE = YES;
				IPHONEOS_DEPLOYMENT_TARGET = 11.2;
				MTL_ENABLE_DEBUG_INFO = YES;
				ONLY_ACTIVE_ARCH = YES;
				SDKROOT = iphoneos;
				SWIFT_ACTIVE_COMPILATION_CONDITIONS = DEBUG;
				SWIFT_OPTIMIZATION_LEVEL = "-Onone";
			};
			name = Debug;
		};
		ED517D6E204B07D600172482 /* Release */ = {
			isa = XCBuildConfiguration;
			buildSettings = {
				ALWAYS_SEARCH_USER_PATHS = NO;
				CLANG_ANALYZER_NONNULL = YES;
				CLANG_ANALYZER_NUMBER_OBJECT_CONVERSION = YES_AGGRESSIVE;
				CLANG_CXX_LANGUAGE_STANDARD = "gnu++14";
				CLANG_CXX_LIBRARY = "libc++";
				CLANG_ENABLE_MODULES = YES;
				CLANG_ENABLE_OBJC_ARC = YES;
				CLANG_WARN_BLOCK_CAPTURE_AUTORELEASING = YES;
				CLANG_WARN_BOOL_CONVERSION = YES;
				CLANG_WARN_COMMA = YES;
				CLANG_WARN_CONSTANT_CONVERSION = YES;
				CLANG_WARN_DIRECT_OBJC_ISA_USAGE = YES_ERROR;
				CLANG_WARN_DOCUMENTATION_COMMENTS = YES;
				CLANG_WARN_EMPTY_BODY = YES;
				CLANG_WARN_ENUM_CONVERSION = YES;
				CLANG_WARN_INFINITE_RECURSION = YES;
				CLANG_WARN_INT_CONVERSION = YES;
				CLANG_WARN_NON_LITERAL_NULL_CONVERSION = YES;
				CLANG_WARN_OBJC_LITERAL_CONVERSION = YES;
				CLANG_WARN_OBJC_ROOT_CLASS = YES_ERROR;
				CLANG_WARN_RANGE_LOOP_ANALYSIS = YES;
				CLANG_WARN_STRICT_PROTOTYPES = YES;
				CLANG_WARN_SUSPICIOUS_MOVE = YES;
				CLANG_WARN_UNGUARDED_AVAILABILITY = YES_AGGRESSIVE;
				CLANG_WARN_UNREACHABLE_CODE = YES;
				CLANG_WARN__DUPLICATE_METHOD_MATCH = YES;
				CODE_SIGN_IDENTITY = "iPhone Developer";
				COPY_PHASE_STRIP = NO;
				DEBUG_INFORMATION_FORMAT = "dwarf-with-dsym";
				ENABLE_NS_ASSERTIONS = NO;
				ENABLE_STRICT_OBJC_MSGSEND = YES;
				GCC_C_LANGUAGE_STANDARD = gnu11;
				GCC_NO_COMMON_BLOCKS = YES;
				GCC_WARN_64_TO_32_BIT_CONVERSION = YES;
				GCC_WARN_ABOUT_RETURN_TYPE = YES_ERROR;
				GCC_WARN_UNDECLARED_SELECTOR = YES;
				GCC_WARN_UNINITIALIZED_AUTOS = YES_AGGRESSIVE;
				GCC_WARN_UNUSED_FUNCTION = YES;
				GCC_WARN_UNUSED_VARIABLE = YES;
				IPHONEOS_DEPLOYMENT_TARGET = 11.2;
				MTL_ENABLE_DEBUG_INFO = NO;
				SDKROOT = iphoneos;
				SWIFT_OPTIMIZATION_LEVEL = "-Owholemodule";
				VALIDATE_PRODUCT = YES;
			};
			name = Release;
		};
		ED517D70204B07D600172482 /* Debug */ = {
			isa = XCBuildConfiguration;
			buildSettings = {
				ASSETCATALOG_COMPILER_APPICON_NAME = AppIcon;
				CLANG_ENABLE_MODULES = YES;
				CODE_SIGN_STYLE = Automatic;
				INFOPLIST_FILE = "$(SRCROOT)/Circular Visualizer/Resources/Info.plist";
				IPHONEOS_DEPLOYMENT_TARGET = 8.4;
				LD_RUNPATH_SEARCH_PATHS = "$(inherited) @executable_path/Frameworks";
				PRODUCT_BUNDLE_IDENTIFIER = "com.zaconic.app.Circular-Visualizer";
				PRODUCT_NAME = "$(TARGET_NAME)";
				SWIFT_OBJC_BRIDGING_HEADER = "Circular Visualizer/Resources/Circular Visualizer-Bridging-Header.h";
				SWIFT_OPTIMIZATION_LEVEL = "-Onone";
				SWIFT_VERSION = 4.0;
				TARGETED_DEVICE_FAMILY = 1;
			};
			name = Debug;
		};
		ED517D71204B07D600172482 /* Release */ = {
			isa = XCBuildConfiguration;
			buildSettings = {
				ASSETCATALOG_COMPILER_APPICON_NAME = AppIcon;
				CLANG_ENABLE_MODULES = YES;
				CODE_SIGN_STYLE = Automatic;
				INFOPLIST_FILE = "$(SRCROOT)/Circular Visualizer/Resources/Info.plist";
				IPHONEOS_DEPLOYMENT_TARGET = 8.4;
				LD_RUNPATH_SEARCH_PATHS = "$(inherited) @executable_path/Frameworks";
				PRODUCT_BUNDLE_IDENTIFIER = "com.zaconic.app.Circular-Visualizer";
				PRODUCT_NAME = "$(TARGET_NAME)";
				SWIFT_OBJC_BRIDGING_HEADER = "Circular Visualizer/Resources/Circular Visualizer-Bridging-Header.h";
				SWIFT_VERSION = 4.0;
				TARGETED_DEVICE_FAMILY = 1;
			};
			name = Release;
		};
/* End XCBuildConfiguration section */

/* Begin XCConfigurationList section */
		ED517D58204B07D600172482 /* Build configuration list for PBXProject "Circular Visualizer" */ = {
			isa = XCConfigurationList;
			buildConfigurations = (
				ED517D6D204B07D600172482 /* Debug */,
				ED517D6E204B07D600172482 /* Release */,
			);
			defaultConfigurationIsVisible = 0;
			defaultConfigurationName = Release;
		};
		ED517D6F204B07D600172482 /* Build configuration list for PBXNativeTarget "Circular Visualizer" */ = {
			isa = XCConfigurationList;
			buildConfigurations = (
				ED517D70204B07D600172482 /* Debug */,
				ED517D71204B07D600172482 /* Release */,
			);
			defaultConfigurationIsVisible = 0;
			defaultConfigurationName = Release;
		};
/* End XCConfigurationList section */
	};
	rootObject = ED517D55204B07D600172482 /* Project object */;
}
